
Microsoft Visual Studio Solution File, Format Version 12.00
# Visual Studio Version 16
VisualStudioVersion = 16.0.30011.22
MinimumVisualStudioVersion = 10.0.40219.1
Project("{FAE04EC0-301F-11D3-BF4B-00C04F79EFBC}") = "FlightControlWeb", "FlightControlWeb.csproj", "{DAF45B85-EFA2-45E6-9611-DADE1417BFD5}"
EndProject
Global
	GlobalSection(SolutionConfigurationPlatforms) = preSolution
		Debug|Any CPU = Debug|Any CPU
		Release|Any CPU = Release|Any CPU
	EndGlobalSection
	GlobalSection(ProjectConfigurationPlatforms) = postSolution
		{DAF45B85-EFA2-45E6-9611-DADE1417BFD5}.Debug|Any CPU.ActiveCfg = Debug|Any CPU
		{DAF45B85-EFA2-45E6-9611-DADE1417BFD5}.Debug|Any CPU.Build.0 = Debug|Any CPU
		{DAF45B85-EFA2-45E6-9611-DADE1417BFD5}.Release|Any CPU.ActiveCfg = Release|Any CPU
		{DAF45B85-EFA2-45E6-9611-DADE1417BFD5}.Release|Any CPU.Build.0 = Release|Any CPU
	EndGlobalSection
	GlobalSection(SolutionProperties) = preSolution
		HideSolutionNode = FALSE
	EndGlobalSection
	GlobalSection(ExtensibilityGlobals) = postSolution
		SolutionGuid = {082D3D3E-811C-4218-A7AD-3F6BCF4B4915}
	EndGlobalSection
EndGlobal
